
Microsoft Visual Studio Solution File, Format Version 12.00
# Visual Studio Version 17
VisualStudioVersion = 17.11.35222.181
MinimumVisualStudioVersion = 10.0.40219.1
Project("{FAE04EC0-301F-11D3-BF4B-00C04F79EFBC}") = "Snake_Suhanova", "Snake_Suhanova\Snake_Suhanova.csproj", "{58BE67F2-880F-4415-A7FD-189FEBC6B6C2}"
EndProject
Project("{FAE04EC0-301F-11D3-BF4B-00C04F79EFBC}") = "Common", "Common\Common.csproj", "{980AF776-BA97-4DAA-8112-D2B28F9FF0C0}"
EndProject
Project("{FAE04EC0-301F-11D3-BF4B-00C04F79EFBC}") = "SnakeWPF", "SnakeWPF\SnakeWPF.csproj", "{5B22A5AE-CC01-41EF-9137-EC02A92188CE}"
EndProject
Project("{2150E333-8FDC-42A3-9474-1A3956D46DE8}") = "New", "New", "{C2961715-EF47-42C9-9840-388BF4BF9B51}"
EndProject
Project("{FAE04EC0-301F-11D3-BF4B-00C04F79EFBC}") = "ViewModel", "ViewModel\ViewModel.csproj", "{65046A71-235D-46DE-9D8F-6D8E1F36B3A0}"
EndProject
Project("{FAE04EC0-301F-11D3-BF4B-00C04F79EFBC}") = "Model", "Model\Model.csproj", "{460E36D5-26FC-4723-BD6E-F8D80F640806}"
EndProject
Project("{FAE04EC0-301F-11D3-BF4B-00C04F79EFBC}") = "View", "View\View.csproj", "{1E9AF2EC-108E-47BC-B7DC-599A0540619D}"
EndProject
Global
	GlobalSection(SolutionConfigurationPlatforms) = preSolution
		Debug|Any CPU = Debug|Any CPU
		Release|Any CPU = Release|Any CPU
	EndGlobalSection
	GlobalSection(ProjectConfigurationPlatforms) = postSolution
		{58BE67F2-880F-4415-A7FD-189FEBC6B6C2}.Debug|Any CPU.ActiveCfg = Debug|Any CPU
		{58BE67F2-880F-4415-A7FD-189FEBC6B6C2}.Debug|Any CPU.Build.0 = Debug|Any CPU
		{58BE67F2-880F-4415-A7FD-189FEBC6B6C2}.Release|Any CPU.ActiveCfg = Release|Any CPU
		{58BE67F2-880F-4415-A7FD-189FEBC6B6C2}.Release|Any CPU.Build.0 = Release|Any CPU
		{980AF776-BA97-4DAA-8112-D2B28F9FF0C0}.Debug|Any CPU.ActiveCfg = Debug|Any CPU
		{980AF776-BA97-4DAA-8112-D2B28F9FF0C0}.Debug|Any CPU.Build.0 = Debug|Any CPU
		{980AF776-BA97-4DAA-8112-D2B28F9FF0C0}.Release|Any CPU.ActiveCfg = Release|Any CPU
		{980AF776-BA97-4DAA-8112-D2B28F9FF0C0}.Release|Any CPU.Build.0 = Release|Any CPU
		{5B22A5AE-CC01-41EF-9137-EC02A92188CE}.Debug|Any CPU.ActiveCfg = Debug|Any CPU
		{5B22A5AE-CC01-41EF-9137-EC02A92188CE}.Debug|Any CPU.Build.0 = Debug|Any CPU
		{5B22A5AE-CC01-41EF-9137-EC02A92188CE}.Release|Any CPU.ActiveCfg = Release|Any CPU
		{5B22A5AE-CC01-41EF-9137-EC02A92188CE}.Release|Any CPU.Build.0 = Release|Any CPU
		{65046A71-235D-46DE-9D8F-6D8E1F36B3A0}.Debug|Any CPU.ActiveCfg = Debug|Any CPU
		{65046A71-235D-46DE-9D8F-6D8E1F36B3A0}.Debug|Any CPU.Build.0 = Debug|Any CPU
		{65046A71-235D-46DE-9D8F-6D8E1F36B3A0}.Release|Any CPU.ActiveCfg = Release|Any CPU
		{65046A71-235D-46DE-9D8F-6D8E1F36B3A0}.Release|Any CPU.Build.0 = Release|Any CPU
		{460E36D5-26FC-4723-BD6E-F8D80F640806}.Debug|Any CPU.ActiveCfg = Debug|Any CPU
		{460E36D5-26FC-4723-BD6E-F8D80F640806}.Debug|Any CPU.Build.0 = Debug|Any CPU
		{460E36D5-26FC-4723-BD6E-F8D80F640806}.Release|Any CPU.ActiveCfg = Release|Any CPU
		{460E36D5-26FC-4723-BD6E-F8D80F640806}.Release|Any CPU.Build.0 = Release|Any CPU
		{1E9AF2EC-108E-47BC-B7DC-599A0540619D}.Debug|Any CPU.ActiveCfg = Debug|Any CPU
		{1E9AF2EC-108E-47BC-B7DC-599A0540619D}.Debug|Any CPU.Build.0 = Debug|Any CPU
		{1E9AF2EC-108E-47BC-B7DC-599A0540619D}.Release|Any CPU.ActiveCfg = Release|Any CPU
		{1E9AF2EC-108E-47BC-B7DC-599A0540619D}.Release|Any CPU.Build.0 = Release|Any CPU
	EndGlobalSection
	GlobalSection(SolutionProperties) = preSolution
		HideSolutionNode = FALSE
	EndGlobalSection
	GlobalSection(NestedProjects) = preSolution
		{65046A71-235D-46DE-9D8F-6D8E1F36B3A0} = {C2961715-EF47-42C9-9840-388BF4BF9B51}
		{460E36D5-26FC-4723-BD6E-F8D80F640806} = {C2961715-EF47-42C9-9840-388BF4BF9B51}
		{1E9AF2EC-108E-47BC-B7DC-599A0540619D} = {C2961715-EF47-42C9-9840-388BF4BF9B51}
	EndGlobalSection
	GlobalSection(ExtensibilityGlobals) = postSolution
		SolutionGuid = {0F1C05EA-FDF8-4662-A56B-DC287FC27332}
	EndGlobalSection
EndGlobal
