
Microsoft Visual Studio Solution File, Format Version 12.00
# Visual Studio Version 17
VisualStudioVersion = 17.11.35222.181
MinimumVisualStudioVersion = 10.0.40219.1
Project("{FAE04EC0-301F-11D3-BF4B-00C04F79EFBC}") = "Snake_Suhanova", "Snake_Suhanova\Snake_Suhanova.csproj", "{58BE67F2-880F-4415-A7FD-189FEBC6B6C2}"
EndProject
Project("{FAE04EC0-301F-11D3-BF4B-00C04F79EFBC}") = "Common", "Common\Common.csproj", "{980AF776-BA97-4DAA-8112-D2B28F9FF0C0}"
EndProject
Project("{FAE04EC0-301F-11D3-BF4B-00C04F79EFBC}") = "SnakeWPF", "SnakeWPF\SnakeWPF.csproj", "{5B22A5AE-CC01-41EF-9137-EC02A92188CE}"
EndProject
Global
	GlobalSection(SolutionConfigurationPlatforms) = preSolution
		Debug|Any CPU = Debug|Any CPU
		Release|Any CPU = Release|Any CPU
	EndGlobalSection
	GlobalSection(ProjectConfigurationPlatforms) = postSolution
		{58BE67F2-880F-4415-A7FD-189FEBC6B6C2}.Debug|Any CPU.ActiveCfg = Debug|Any CPU
		{58BE67F2-880F-4415-A7FD-189FEBC6B6C2}.Debug|Any CPU.Build.0 = Debug|Any CPU
		{58BE67F2-880F-4415-A7FD-189FEBC6B6C2}.Release|Any CPU.ActiveCfg = Release|Any CPU
		{58BE67F2-880F-4415-A7FD-189FEBC6B6C2}.Release|Any CPU.Build.0 = Release|Any CPU
		{980AF776-BA97-4DAA-8112-D2B28F9FF0C0}.Debug|Any CPU.ActiveCfg = Debug|Any CPU
		{980AF776-BA97-4DAA-8112-D2B28F9FF0C0}.Debug|Any CPU.Build.0 = Debug|Any CPU
		{980AF776-BA97-4DAA-8112-D2B28F9FF0C0}.Release|Any CPU.ActiveCfg = Release|Any CPU
		{980AF776-BA97-4DAA-8112-D2B28F9FF0C0}.Release|Any CPU.Build.0 = Release|Any CPU
		{5B22A5AE-CC01-41EF-9137-EC02A92188CE}.Debug|Any CPU.ActiveCfg = Debug|Any CPU
		{5B22A5AE-CC01-41EF-9137-EC02A92188CE}.Debug|Any CPU.Build.0 = Debug|Any CPU
		{5B22A5AE-CC01-41EF-9137-EC02A92188CE}.Release|Any CPU.ActiveCfg = Release|Any CPU
		{5B22A5AE-CC01-41EF-9137-EC02A92188CE}.Release|Any CPU.Build.0 = Release|Any CPU
	EndGlobalSection
	GlobalSection(SolutionProperties) = preSolution
		HideSolutionNode = FALSE
	EndGlobalSection
	GlobalSection(ExtensibilityGlobals) = postSolution
		SolutionGuid = {0F1C05EA-FDF8-4662-A56B-DC287FC27332}
	EndGlobalSection
EndGlobal
